
Microsoft Visual Studio Solution File, Format Version 12.00
# Visual Studio Version 16
VisualStudioVersion = 16.0.31624.102
MinimumVisualStudioVersion = 10.0.40219.1
Project("{FAE04EC0-301F-11D3-BF4B-00C04F79EFBC}") = "NewBackEnd", "NewBackEnd.csproj", "{0EE8871B-67CF-43C9-8E77-59EC8CA5A806}"
EndProject
Global
	GlobalSection(SolutionConfigurationPlatforms) = preSolution
		Debug|Any CPU = Debug|Any CPU
		Release|Any CPU = Release|Any CPU
	EndGlobalSection
	GlobalSection(ProjectConfigurationPlatforms) = postSolution
		{0EE8871B-67CF-43C9-8E77-59EC8CA5A806}.Debug|Any CPU.ActiveCfg = Debug|Any CPU
		{0EE8871B-67CF-43C9-8E77-59EC8CA5A806}.Debug|Any CPU.Build.0 = Debug|Any CPU
		{0EE8871B-67CF-43C9-8E77-59EC8CA5A806}.Release|Any CPU.ActiveCfg = Release|Any CPU
		{0EE8871B-67CF-43C9-8E77-59EC8CA5A806}.Release|Any CPU.Build.0 = Release|Any CPU
	EndGlobalSection
	GlobalSection(SolutionProperties) = preSolution
		HideSolutionNode = FALSE
	EndGlobalSection
	GlobalSection(ExtensibilityGlobals) = postSolution
		SolutionGuid = {628B4BAC-2150-41AA-A53D-613639E1FED4}
	EndGlobalSection
EndGlobal
